// !$*UTF8*$!
{
	archiveVersion = 1;
	classes = {
	};
	objectVersion = 46;
	objects = {

/* Begin PBXBuildFile section */
		B60CD7561A00F661009046F5 /* json.cpp in Sources */ = {isa = PBXBuildFile; fileRef = B60CD6FC1A00F19E009046F5 /* json.cpp */; };
		B60CD7571A00F667009046F5 /* server_monitor.cpp in Sources */ = {isa = PBXBuildFile; fileRef = B60CD7041A00F233009046F5 /* server_monitor.cpp */; };
		B60CD7591A00F684009046F5 /* lodepng.cpp in Sources */ = {isa = PBXBuildFile; fileRef = B60CD7581A00F684009046F5 /* lodepng.cpp */; };
		B60CD75A1A00F68A009046F5 /* image.cpp in Sources */ = {isa = PBXBuildFile; fileRef = B60CD6FB1A00F19E009046F5 /* image.cpp */; };
		B60CD75B1A00F68F009046F5 /* scene_distributed.cpp in Sources */ = {isa = PBXBuildFile; fileRef = B60CD6FE1A00F19E009046F5 /* scene_distributed.cpp */; };
		B60CD75C1A00F699009046F5 /* Cocoa.framework in Frameworks */ = {isa = PBXBuildFile; fileRef = B60CD7521A00F62F009046F5 /* Cocoa.framework */; };
		B60CD75D1A00F699009046F5 /* GLUT.framework in Frameworks */ = {isa = PBXBuildFile; fileRef = B60CD7531A00F62F009046F5 /* GLUT.framework */; };
		B60CD75E1A00F699009046F5 /* IOKit.framework in Frameworks */ = {isa = PBXBuildFile; fileRef = B60CD7541A00F62F009046F5 /* IOKit.framework */; };
		B60CD75F1A00F699009046F5 /* OpenGL.framework in Frameworks */ = {isa = PBXBuildFile; fileRef = B60CD7551A00F62F009046F5 /* OpenGL.framework */; };
		B60CD7611A00F6A7009046F5 /* libboost_system.a in Frameworks */ = {isa = PBXBuildFile; fileRef = B60CD7421A00F5EE009046F5 /* libboost_system.a */; };
		B60CD7621A00F6AB009046F5 /* libboost_serialization.a in Frameworks */ = {isa = PBXBuildFile; fileRef = B60CD73E1A00F5EE009046F5 /* libboost_serialization.a */; };
		B60CD76B1A01028F009046F5 /* libglfw3.a in Frameworks */ = {isa = PBXBuildFile; fileRef = B60CD76A1A01028F009046F5 /* libglfw3.a */; };
		B60CD7821A010C41009046F5 /* scene_distributed.cpp in Sources */ = {isa = PBXBuildFile; fileRef = B60CD6FE1A00F19E009046F5 /* scene_distributed.cpp */; };
		B60CD7831A010C44009046F5 /* image.cpp in Sources */ = {isa = PBXBuildFile; fileRef = B60CD6FB1A00F19E009046F5 /* image.cpp */; };
		B60CD7841A010C49009046F5 /* lodepng.cpp in Sources */ = {isa = PBXBuildFile; fileRef = B60CD7581A00F684009046F5 /* lodepng.cpp */; };
		B60CD7851A010C50009046F5 /* client_editor.cpp in Sources */ = {isa = PBXBuildFile; fileRef = B60CD7051A00F250009046F5 /* client_editor.cpp */; };
		B60CD7861A010C53009046F5 /* json.cpp in Sources */ = {isa = PBXBuildFile; fileRef = B60CD6FC1A00F19E009046F5 /* json.cpp */; };
		B60CD7871A010C61009046F5 /* Cocoa.framework in Frameworks */ = {isa = PBXBuildFile; fileRef = B60CD7521A00F62F009046F5 /* Cocoa.framework */; };
		B60CD7881A010C61009046F5 /* GLUT.framework in Frameworks */ = {isa = PBXBuildFile; fileRef = B60CD7531A00F62F009046F5 /* GLUT.framework */; };
		B60CD7891A010C61009046F5 /* IOKit.framework in Frameworks */ = {isa = PBXBuildFile; fileRef = B60CD7541A00F62F009046F5 /* IOKit.framework */; };
		B60CD78A1A010C61009046F5 /* OpenGL.framework in Frameworks */ = {isa = PBXBuildFile; fileRef = B60CD7551A00F62F009046F5 /* OpenGL.framework */; };
		B60CD78B1A010C67009046F5 /* libglfw3.a in Frameworks */ = {isa = PBXBuildFile; fileRef = B60CD76A1A01028F009046F5 /* libglfw3.a */; };
		B60CD78C1A010C6E009046F5 /* libboost_system.a in Frameworks */ = {isa = PBXBuildFile; fileRef = B60CD7421A00F5EE009046F5 /* libboost_system.a */; };
		B60CD78D1A010C72009046F5 /* libboost_serialization.a in Frameworks */ = {isa = PBXBuildFile; fileRef = B60CD73E1A00F5EE009046F5 /* libboost_serialization.a */; };
		B6324B5B1A0A459500F63DE6 /* mesh_parser.cpp in Sources */ = {isa = PBXBuildFile; fileRef = B6324B591A0A459500F63DE6 /* mesh_parser.cpp */; };
		B6324B5D1A0A45A500F63DE6 /* crop_mesh.cpp in Sources */ = {isa = PBXBuildFile; fileRef = B6324B5C1A0A45A500F63DE6 /* crop_mesh.cpp */; };
		B6324B5F1A0A45C500F63DE6 /* mesh_diff.cpp in Sources */ = {isa = PBXBuildFile; fileRef = B6324B5E1A0A45C500F63DE6 /* mesh_diff.cpp */; };
		B68E7DAB1A0BB4E200BC6D32 /* timing_log.cpp in Sources */ = {isa = PBXBuildFile; fileRef = B68E7D9E1A0BB45900BC6D32 /* timing_log.cpp */; };
		B68E7DAC1A0BB4EE00BC6D32 /* libboost_serialization.a in Frameworks */ = {isa = PBXBuildFile; fileRef = B60CD73E1A00F5EE009046F5 /* libboost_serialization.a */; };
		B68E7DAD1A0BB4F100BC6D32 /* libboost_system.a in Frameworks */ = {isa = PBXBuildFile; fileRef = B60CD7421A00F5EE009046F5 /* libboost_system.a */; };
		B6D836041A069EBA00C392B6 /* test.cpp in Sources */ = {isa = PBXBuildFile; fileRef = B6D836031A069EBA00C392B6 /* test.cpp */; };
		B6D836141A06A06600C392B6 /* scene_distributed.cpp in Sources */ = {isa = PBXBuildFile; fileRef = B60CD6FE1A00F19E009046F5 /* scene_distributed.cpp */; };
		B6D836151A06A65300C392B6 /* image.cpp in Sources */ = {isa = PBXBuildFile; fileRef = B60CD6FB1A00F19E009046F5 /* image.cpp */; };
		B6D836161A06A67000C392B6 /* json.cpp in Sources */ = {isa = PBXBuildFile; fileRef = B60CD6FC1A00F19E009046F5 /* json.cpp */; };
		B6D836171A06A68700C392B6 /* lodepng.cpp in Sources */ = {isa = PBXBuildFile; fileRef = B60CD7581A00F684009046F5 /* lodepng.cpp */; };
		B6D836181A06A7E200C392B6 /* libboost_system.a in Frameworks */ = {isa = PBXBuildFile; fileRef = B60CD7421A00F5EE009046F5 /* libboost_system.a */; };
		B6D836191A06A7E500C392B6 /* libboost_serialization.a in Frameworks */ = {isa = PBXBuildFile; fileRef = B60CD73E1A00F5EE009046F5 /* libboost_serialization.a */; };
/* End PBXBuildFile section */

/* Begin PBXCopyFilesBuildPhase section */
		B603F6131A02B892005D10BE /* CopyFiles */ = {
			isa = PBXCopyFilesBuildPhase;
			buildActionMask = 2147483647;
			dstPath = /usr/share/man/man1/;
			dstSubfolderSpec = 0;
			files = (
			);
			runOnlyForDeploymentPostprocessing = 1;
		};
		B60CD7081A00F425009046F5 /* CopyFiles */ = {
			isa = PBXCopyFilesBuildPhase;
			buildActionMask = 2147483647;
			dstPath = /usr/share/man/man1/;
			dstSubfolderSpec = 0;
			files = (
			);
			runOnlyForDeploymentPostprocessing = 1;
		};
		B60CD7791A010BFA009046F5 /* CopyFiles */ = {
			isa = PBXCopyFilesBuildPhase;
			buildActionMask = 2147483647;
			dstPath = /usr/share/man/man1/;
			dstSubfolderSpec = 0;
			files = (
			);
			runOnlyForDeploymentPostprocessing = 1;
		};
		B68E7DA21A0BB4CF00BC6D32 /* CopyFiles */ = {
			isa = PBXCopyFilesBuildPhase;
			buildActionMask = 2147483647;
			dstPath = /usr/share/man/man1/;
			dstSubfolderSpec = 0;
			files = (
			);
			runOnlyForDeploymentPostprocessing = 1;
		};
		B6D4B4F51A03B5BB00494A3A /* CopyFiles */ = {
			isa = PBXCopyFilesBuildPhase;
			buildActionMask = 2147483647;
			dstPath = /usr/share/man/man1/;
			dstSubfolderSpec = 0;
			files = (
			);
			runOnlyForDeploymentPostprocessing = 1;
		};
		B6D836081A069F3200C392B6 /* CopyFiles */ = {
			isa = PBXCopyFilesBuildPhase;
			buildActionMask = 2147483647;
			dstPath = /usr/share/man/man1/;
			dstSubfolderSpec = 0;
			files = (
			);
			runOnlyForDeploymentPostprocessing = 1;
		};
		B6FB18B01A09530B0053E69D /* CopyFiles */ = {
			isa = PBXCopyFilesBuildPhase;
			buildActionMask = 2147483647;
			dstPath = /usr/share/man/man1/;
			dstSubfolderSpec = 0;
			files = (
			);
			runOnlyForDeploymentPostprocessing = 1;
		};
/* End PBXCopyFilesBuildPhase section */

/* Begin PBXFileReference section */
		B603F6001A024975005D10BE /* cube_red.json */ = {isa = PBXFileReference; lastKnownFileType = text.json; name = cube_red.json; path = scenes/cube_red.json; sourceTree = "<group>"; };
		B603F6011A024983005D10BE /* cube_green.json */ = {isa = PBXFileReference; lastKnownFileType = text.json; name = cube_green.json; path = scenes/cube_green.json; sourceTree = "<group>"; };
		B603F6021A029F97005D10BE /* shuttle0.2ply.json */ = {isa = PBXFileReference; lastKnownFileType = text.json; name = shuttle0.2ply.json; path = scenes/shuttle0.2ply.json; sourceTree = "<group>"; };
		B603F6031A029F97005D10BE /* shuttle0.3ply.json */ = {isa = PBXFileReference; lastKnownFileType = text.json; name = shuttle0.3ply.json; path = scenes/shuttle0.3ply.json; sourceTree = "<group>"; };
		B603F6041A029F97005D10BE /* shuttle0.4ply.json */ = {isa = PBXFileReference; lastKnownFileType = text.json; name = shuttle0.4ply.json; path = scenes/shuttle0.4ply.json; sourceTree = "<group>"; };
		B603F6051A02A39C005D10BE /* common.h */ = {isa = PBXFileReference; lastKnownFileType = sourcecode.c.h; name = common.h; path = src/common.h; sourceTree = "<group>"; };
		B603F6061A02A3B6005D10BE /* lodepng.h */ = {isa = PBXFileReference; lastKnownFileType = sourcecode.c.h; name = lodepng.h; path = src/lodepng.h; sourceTree = "<group>"; };
		B603F6071A02A3C2005D10BE /* message.h */ = {isa = PBXFileReference; lastKnownFileType = sourcecode.c.h; name = message.h; path = src/message.h; sourceTree = "<group>"; };
		B603F6151A02B892005D10BE /* crop_mesh */ = {isa = PBXFileReference; includeInIndex = 0; lastKnownFileType = "compiled.mach-o.executable"; path = crop_mesh; sourceTree = BUILT_PRODUCTS_DIR; };
		B60CD6EE1A00F19E009046F5 /* id_reference.h */ = {isa = PBXFileReference; lastKnownFileType = sourcecode.c.h; name = id_reference.h; path = src/id_reference.h; sourceTree = "<group>"; };
		B60CD6EF1A00F19E009046F5 /* image.h */ = {isa = PBXFileReference; lastKnownFileType = sourcecode.c.h; name = image.h; path = src/image.h; sourceTree = "<group>"; };
		B60CD6F01A00F19E009046F5 /* json.h */ = {isa = PBXFileReference; lastKnownFileType = sourcecode.c.h; name = json.h; path = src/json.h; sourceTree = "<group>"; };
		B60CD6F21A00F19E009046F5 /* picojson.h */ = {isa = PBXFileReference; lastKnownFileType = sourcecode.c.h; name = picojson.h; path = src/picojson.h; sourceTree = "<group>"; };
		B60CD6F31A00F19E009046F5 /* scene_distributed.h */ = {isa = PBXFileReference; lastKnownFileType = sourcecode.c.h; name = scene_distributed.h; path = src/scene_distributed.h; sourceTree = "<group>"; };
		B60CD6F41A00F19E009046F5 /* server.h */ = {isa = PBXFileReference; lastKnownFileType = sourcecode.c.h; name = server.h; path = src/server.h; sourceTree = "<group>"; };
		B60CD6F51A00F19E009046F5 /* vmath.h */ = {isa = PBXFileReference; lastKnownFileType = sourcecode.c.h; name = vmath.h; path = src/vmath.h; sourceTree = "<group>"; };
		B60CD6F61A00F19E009046F5 /* client.hpp */ = {isa = PBXFileReference; lastKnownFileType = sourcecode.cpp.h; name = client.hpp; path = src/client.hpp; sourceTree = "<group>"; };
		B60CD6F71A00F19E009046F5 /* mesh_msg.hpp */ = {isa = PBXFileReference; lastKnownFileType = sourcecode.cpp.h; name = mesh_msg.hpp; path = src/mesh_msg.hpp; sourceTree = "<group>"; };
		B60CD6F81A00F19E009046F5 /* serialization.hpp */ = {isa = PBXFileReference; lastKnownFileType = sourcecode.cpp.h; name = serialization.hpp; path = src/serialization.hpp; sourceTree = "<group>"; };
		B60CD6FB1A00F19E009046F5 /* image.cpp */ = {isa = PBXFileReference; lastKnownFileType = sourcecode.cpp.cpp; name = image.cpp; path = src/image.cpp; sourceTree = "<group>"; };
		B60CD6FC1A00F19E009046F5 /* json.cpp */ = {isa = PBXFileReference; lastKnownFileType = sourcecode.cpp.cpp; name = json.cpp; path = src/json.cpp; sourceTree = "<group>"; };
		B60CD6FE1A00F19E009046F5 /* scene_distributed.cpp */ = {isa = PBXFileReference; lastKnownFileType = sourcecode.cpp.cpp; name = scene_distributed.cpp; path = src/scene_distributed.cpp; sourceTree = "<group>"; };
		B60CD6FF1A00F19E009046F5 /* fragment.glsl */ = {isa = PBXFileReference; lastKnownFileType = text; name = fragment.glsl; path = src/fragment.glsl; sourceTree = "<group>"; };
		B60CD7001A00F19E009046F5 /* vertex.glsl */ = {isa = PBXFileReference; lastKnownFileType = text; name = vertex.glsl; path = src/vertex.glsl; sourceTree = "<group>"; };
		B60CD7041A00F233009046F5 /* server_monitor.cpp */ = {isa = PBXFileReference; lastKnownFileType = sourcecode.cpp.cpp; name = server_monitor.cpp; path = src/server_monitor.cpp; sourceTree = "<group>"; };
		B60CD7051A00F250009046F5 /* client_editor.cpp */ = {isa = PBXFileReference; lastKnownFileType = sourcecode.cpp.cpp; name = client_editor.cpp; path = src/client_editor.cpp; sourceTree = "<group>"; };
		B60CD70A1A00F425009046F5 /* server */ = {isa = PBXFileReference; explicitFileType = "compiled.mach-o.executable"; includeInIndex = 0; path = server; sourceTree = BUILT_PRODUCTS_DIR; };
		B60CD7111A00F5EE009046F5 /* libboost_atomic-mt.a */ = {isa = PBXFileReference; lastKnownFileType = archive.ar; name = "libboost_atomic-mt.a"; path = "ext/osx/lib/boost/libboost_atomic-mt.a"; sourceTree = "<group>"; };
		B60CD7121A00F5EE009046F5 /* libboost_chrono-mt.a */ = {isa = PBXFileReference; lastKnownFileType = archive.ar; name = "libboost_chrono-mt.a"; path = "ext/osx/lib/boost/libboost_chrono-mt.a"; sourceTree = "<group>"; };
		B60CD7131A00F5EE009046F5 /* libboost_chrono.a */ = {isa = PBXFileReference; lastKnownFileType = archive.ar; name = libboost_chrono.a; path = ext/osx/lib/boost/libboost_chrono.a; sourceTree = "<group>"; };
		B60CD7141A00F5EE009046F5 /* libboost_container-mt.a */ = {isa = PBXFileReference; lastKnownFileType = archive.ar; name = "libboost_container-mt.a"; path = "ext/osx/lib/boost/libboost_container-mt.a"; sourceTree = "<group>"; };
		B60CD7151A00F5EE009046F5 /* libboost_container.a */ = {isa = PBXFileReference; lastKnownFileType = archive.ar; name = libboost_container.a; path = ext/osx/lib/boost/libboost_container.a; sourceTree = "<group>"; };
		B60CD7161A00F5EE009046F5 /* libboost_context-mt.a */ = {isa = PBXFileReference; lastKnownFileType = archive.ar; name = "libboost_context-mt.a"; path = "ext/osx/lib/boost/libboost_context-mt.a"; sourceTree = "<group>"; };
		B60CD7171A00F5EE009046F5 /* libboost_context.a */ = {isa = PBXFileReference; lastKnownFileType = archive.ar; name = libboost_context.a; path = ext/osx/lib/boost/libboost_context.a; sourceTree = "<group>"; };
		B60CD7181A00F5EE009046F5 /* libboost_coroutine-mt.a */ = {isa = PBXFileReference; lastKnownFileType = archive.ar; name = "libboost_coroutine-mt.a"; path = "ext/osx/lib/boost/libboost_coroutine-mt.a"; sourceTree = "<group>"; };
		B60CD7191A00F5EE009046F5 /* libboost_coroutine.a */ = {isa = PBXFileReference; lastKnownFileType = archive.ar; name = libboost_coroutine.a; path = ext/osx/lib/boost/libboost_coroutine.a; sourceTree = "<group>"; };
		B60CD71A1A00F5EE009046F5 /* libboost_date_time-mt.a */ = {isa = PBXFileReference; lastKnownFileType = archive.ar; name = "libboost_date_time-mt.a"; path = "ext/osx/lib/boost/libboost_date_time-mt.a"; sourceTree = "<group>"; };
		B60CD71B1A00F5EE009046F5 /* libboost_date_time.a */ = {isa = PBXFileReference; lastKnownFileType = archive.ar; name = libboost_date_time.a; path = ext/osx/lib/boost/libboost_date_time.a; sourceTree = "<group>"; };
		B60CD71C1A00F5EE009046F5 /* libboost_exception-mt.a */ = {isa = PBXFileReference; lastKnownFileType = archive.ar; name = "libboost_exception-mt.a"; path = "ext/osx/lib/boost/libboost_exception-mt.a"; sourceTree = "<group>"; };
		B60CD71D1A00F5EE009046F5 /* libboost_exception.a */ = {isa = PBXFileReference; lastKnownFileType = archive.ar; name = libboost_exception.a; path = ext/osx/lib/boost/libboost_exception.a; sourceTree = "<group>"; };
		B60CD71E1A00F5EE009046F5 /* libboost_filesystem-mt.a */ = {isa = PBXFileReference; lastKnownFileType = archive.ar; name = "libboost_filesystem-mt.a"; path = "ext/osx/lib/boost/libboost_filesystem-mt.a"; sourceTree = "<group>"; };
		B60CD71F1A00F5EE009046F5 /* libboost_filesystem.a */ = {isa = PBXFileReference; lastKnownFileType = archive.ar; name = libboost_filesystem.a; path = ext/osx/lib/boost/libboost_filesystem.a; sourceTree = "<group>"; };
		B60CD7201A00F5EE009046F5 /* libboost_graph-mt.a */ = {isa = PBXFileReference; lastKnownFileType = archive.ar; name = "libboost_graph-mt.a"; path = "ext/osx/lib/boost/libboost_graph-mt.a"; sourceTree = "<group>"; };
		B60CD7211A00F5EE009046F5 /* libboost_graph.a */ = {isa = PBXFileReference; lastKnownFileType = archive.ar; name = libboost_graph.a; path = ext/osx/lib/boost/libboost_graph.a; sourceTree = "<group>"; };
		B60CD7221A00F5EE009046F5 /* libboost_iostreams-mt.a */ = {isa = PBXFileReference; lastKnownFileType = archive.ar; name = "libboost_iostreams-mt.a"; path = "ext/osx/lib/boost/libboost_iostreams-mt.a"; sourceTree = "<group>"; };
		B60CD7231A00F5EE009046F5 /* libboost_iostreams.a */ = {isa = PBXFileReference; lastKnownFileType = archive.ar; name = libboost_iostreams.a; path = ext/osx/lib/boost/libboost_iostreams.a; sourceTree = "<group>"; };
		B60CD7241A00F5EE009046F5 /* libboost_locale-mt.a */ = {isa = PBXFileReference; lastKnownFileType = archive.ar; name = "libboost_locale-mt.a"; path = "ext/osx/lib/boost/libboost_locale-mt.a"; sourceTree = "<group>"; };
		B60CD7251A00F5EE009046F5 /* libboost_log_setup-mt.a */ = {isa = PBXFileReference; lastKnownFileType = archive.ar; name = "libboost_log_setup-mt.a"; path = "ext/osx/lib/boost/libboost_log_setup-mt.a"; sourceTree = "<group>"; };
		B60CD7261A00F5EE009046F5 /* libboost_log_setup.a */ = {isa = PBXFileReference; lastKnownFileType = archive.ar; name = libboost_log_setup.a; path = ext/osx/lib/boost/libboost_log_setup.a; sourceTree = "<group>"; };
		B60CD7271A00F5EE009046F5 /* libboost_log-mt.a */ = {isa = PBXFileReference; lastKnownFileType = archive.ar; name = "libboost_log-mt.a"; path = "ext/osx/lib/boost/libboost_log-mt.a"; sourceTree = "<group>"; };
		B60CD7281A00F5EE009046F5 /* libboost_log.a */ = {isa = PBXFileReference; lastKnownFileType = archive.ar; name = libboost_log.a; path = ext/osx/lib/boost/libboost_log.a; sourceTree = "<group>"; };
		B60CD7291A00F5EE009046F5 /* libboost_math_c99-mt.a */ = {isa = PBXFileReference; lastKnownFileType = archive.ar; name = "libboost_math_c99-mt.a"; path = "ext/osx/lib/boost/libboost_math_c99-mt.a"; sourceTree = "<group>"; };
		B60CD72A1A00F5EE009046F5 /* libboost_math_c99.a */ = {isa = PBXFileReference; lastKnownFileType = archive.ar; name = libboost_math_c99.a; path = ext/osx/lib/boost/libboost_math_c99.a; sourceTree = "<group>"; };
		B60CD72B1A00F5EE009046F5 /* libboost_math_c99f-mt.a */ = {isa = PBXFileReference; lastKnownFileType = archive.ar; name = "libboost_math_c99f-mt.a"; path = "ext/osx/lib/boost/libboost_math_c99f-mt.a"; sourceTree = "<group>"; };
		B60CD72C1A00F5EE009046F5 /* libboost_math_c99f.a */ = {isa = PBXFileReference; lastKnownFileType = archive.ar; name = libboost_math_c99f.a; path = ext/osx/lib/boost/libboost_math_c99f.a; sourceTree = "<group>"; };
		B60CD72D1A00F5EE009046F5 /* libboost_math_c99l-mt.a */ = {isa = PBXFileReference; lastKnownFileType = archive.ar; name = "libboost_math_c99l-mt.a"; path = "ext/osx/lib/boost/libboost_math_c99l-mt.a"; sourceTree = "<group>"; };
		B60CD72E1A00F5EE009046F5 /* libboost_math_c99l.a */ = {isa = PBXFileReference; lastKnownFileType = archive.ar; name = libboost_math_c99l.a; path = ext/osx/lib/boost/libboost_math_c99l.a; sourceTree = "<group>"; };
		B60CD72F1A00F5EE009046F5 /* libboost_math_tr1-mt.a */ = {isa = PBXFileReference; lastKnownFileType = archive.ar; name = "libboost_math_tr1-mt.a"; path = "ext/osx/lib/boost/libboost_math_tr1-mt.a"; sourceTree = "<group>"; };
		B60CD7301A00F5EE009046F5 /* libboost_math_tr1.a */ = {isa = PBXFileReference; lastKnownFileType = archive.ar; name = libboost_math_tr1.a; path = ext/osx/lib/boost/libboost_math_tr1.a; sourceTree = "<group>"; };
		B60CD7311A00F5EE009046F5 /* libboost_math_tr1f-mt.a */ = {isa = PBXFileReference; lastKnownFileType = archive.ar; name = "libboost_math_tr1f-mt.a"; path = "ext/osx/lib/boost/libboost_math_tr1f-mt.a"; sourceTree = "<group>"; };
		B60CD7321A00F5EE009046F5 /* libboost_math_tr1f.a */ = {isa = PBXFileReference; lastKnownFileType = archive.ar; name = libboost_math_tr1f.a; path = ext/osx/lib/boost/libboost_math_tr1f.a; sourceTree = "<group>"; };
		B60CD7331A00F5EE009046F5 /* libboost_math_tr1l-mt.a */ = {isa = PBXFileReference; lastKnownFileType = archive.ar; name = "libboost_math_tr1l-mt.a"; path = "ext/osx/lib/boost/libboost_math_tr1l-mt.a"; sourceTree = "<group>"; };
		B60CD7341A00F5EE009046F5 /* libboost_math_tr1l.a */ = {isa = PBXFileReference; lastKnownFileType = archive.ar; name = libboost_math_tr1l.a; path = ext/osx/lib/boost/libboost_math_tr1l.a; sourceTree = "<group>"; };
		B60CD7351A00F5EE009046F5 /* libboost_prg_exec_monitor-mt.a */ = {isa = PBXFileReference; lastKnownFileType = archive.ar; name = "libboost_prg_exec_monitor-mt.a"; path = "ext/osx/lib/boost/libboost_prg_exec_monitor-mt.a"; sourceTree = "<group>"; };
		B60CD7361A00F5EE009046F5 /* libboost_prg_exec_monitor.a */ = {isa = PBXFileReference; lastKnownFileType = archive.ar; name = libboost_prg_exec_monitor.a; path = ext/osx/lib/boost/libboost_prg_exec_monitor.a; sourceTree = "<group>"; };
		B60CD7371A00F5EE009046F5 /* libboost_program_options-mt.a */ = {isa = PBXFileReference; lastKnownFileType = archive.ar; name = "libboost_program_options-mt.a"; path = "ext/osx/lib/boost/libboost_program_options-mt.a"; sourceTree = "<group>"; };
		B60CD7381A00F5EE009046F5 /* libboost_program_options.a */ = {isa = PBXFileReference; lastKnownFileType = archive.ar; name = libboost_program_options.a; path = ext/osx/lib/boost/libboost_program_options.a; sourceTree = "<group>"; };
		B60CD7391A00F5EE009046F5 /* libboost_random-mt.a */ = {isa = PBXFileReference; lastKnownFileType = archive.ar; name = "libboost_random-mt.a"; path = "ext/osx/lib/boost/libboost_random-mt.a"; sourceTree = "<group>"; };
		B60CD73A1A00F5EE009046F5 /* libboost_random.a */ = {isa = PBXFileReference; lastKnownFileType = archive.ar; name = libboost_random.a; path = ext/osx/lib/boost/libboost_random.a; sourceTree = "<group>"; };
		B60CD73B1A00F5EE009046F5 /* libboost_regex-mt.a */ = {isa = PBXFileReference; lastKnownFileType = archive.ar; name = "libboost_regex-mt.a"; path = "ext/osx/lib/boost/libboost_regex-mt.a"; sourceTree = "<group>"; };
		B60CD73C1A00F5EE009046F5 /* libboost_regex.a */ = {isa = PBXFileReference; lastKnownFileType = archive.ar; name = libboost_regex.a; path = ext/osx/lib/boost/libboost_regex.a; sourceTree = "<group>"; };
		B60CD73D1A00F5EE009046F5 /* libboost_serialization-mt.a */ = {isa = PBXFileReference; lastKnownFileType = archive.ar; name = "libboost_serialization-mt.a"; path = "ext/osx/lib/boost/libboost_serialization-mt.a"; sourceTree = "<group>"; };
		B60CD73E1A00F5EE009046F5 /* libboost_serialization.a */ = {isa = PBXFileReference; lastKnownFileType = archive.ar; name = libboost_serialization.a; path = ext/osx/lib/boost/libboost_serialization.a; sourceTree = "<group>"; };
		B60CD73F1A00F5EE009046F5 /* libboost_signals-mt.a */ = {isa = PBXFileReference; lastKnownFileType = archive.ar; name = "libboost_signals-mt.a"; path = "ext/osx/lib/boost/libboost_signals-mt.a"; sourceTree = "<group>"; };
		B60CD7401A00F5EE009046F5 /* libboost_signals.a */ = {isa = PBXFileReference; lastKnownFileType = archive.ar; name = libboost_signals.a; path = ext/osx/lib/boost/libboost_signals.a; sourceTree = "<group>"; };
		B60CD7411A00F5EE009046F5 /* libboost_system-mt.a */ = {isa = PBXFileReference; lastKnownFileType = archive.ar; name = "libboost_system-mt.a"; path = "ext/osx/lib/boost/libboost_system-mt.a"; sourceTree = "<group>"; };
		B60CD7421A00F5EE009046F5 /* libboost_system.a */ = {isa = PBXFileReference; lastKnownFileType = archive.ar; name = libboost_system.a; path = ext/osx/lib/boost/libboost_system.a; sourceTree = "<group>"; };
		B60CD7431A00F5EE009046F5 /* libboost_test_exec_monitor-mt.a */ = {isa = PBXFileReference; lastKnownFileType = archive.ar; name = "libboost_test_exec_monitor-mt.a"; path = "ext/osx/lib/boost/libboost_test_exec_monitor-mt.a"; sourceTree = "<group>"; };
		B60CD7441A00F5EE009046F5 /* libboost_test_exec_monitor.a */ = {isa = PBXFileReference; lastKnownFileType = archive.ar; name = libboost_test_exec_monitor.a; path = ext/osx/lib/boost/libboost_test_exec_monitor.a; sourceTree = "<group>"; };
		B60CD7451A00F5EE009046F5 /* libboost_thread-mt.a */ = {isa = PBXFileReference; lastKnownFileType = archive.ar; name = "libboost_thread-mt.a"; path = "ext/osx/lib/boost/libboost_thread-mt.a"; sourceTree = "<group>"; };
		B60CD7461A00F5EE009046F5 /* libboost_timer-mt.a */ = {isa = PBXFileReference; lastKnownFileType = archive.ar; name = "libboost_timer-mt.a"; path = "ext/osx/lib/boost/libboost_timer-mt.a"; sourceTree = "<group>"; };
		B60CD7471A00F5EE009046F5 /* libboost_timer.a */ = {isa = PBXFileReference; lastKnownFileType = archive.ar; name = libboost_timer.a; path = ext/osx/lib/boost/libboost_timer.a; sourceTree = "<group>"; };
		B60CD7481A00F5EE009046F5 /* libboost_unit_test_framework-mt.a */ = {isa = PBXFileReference; lastKnownFileType = archive.ar; name = "libboost_unit_test_framework-mt.a"; path = "ext/osx/lib/boost/libboost_unit_test_framework-mt.a"; sourceTree = "<group>"; };
		B60CD7491A00F5EE009046F5 /* libboost_unit_test_framework.a */ = {isa = PBXFileReference; lastKnownFileType = archive.ar; name = libboost_unit_test_framework.a; path = ext/osx/lib/boost/libboost_unit_test_framework.a; sourceTree = "<group>"; };
		B60CD74A1A00F5EE009046F5 /* libboost_wave-mt.a */ = {isa = PBXFileReference; lastKnownFileType = archive.ar; name = "libboost_wave-mt.a"; path = "ext/osx/lib/boost/libboost_wave-mt.a"; sourceTree = "<group>"; };
		B60CD74B1A00F5EE009046F5 /* libboost_wave.a */ = {isa = PBXFileReference; lastKnownFileType = archive.ar; name = libboost_wave.a; path = ext/osx/lib/boost/libboost_wave.a; sourceTree = "<group>"; };
		B60CD74C1A00F5EE009046F5 /* libboost_wserialization-mt.a */ = {isa = PBXFileReference; lastKnownFileType = archive.ar; name = "libboost_wserialization-mt.a"; path = "ext/osx/lib/boost/libboost_wserialization-mt.a"; sourceTree = "<group>"; };
		B60CD74D1A00F5EE009046F5 /* libboost_wserialization.a */ = {isa = PBXFileReference; lastKnownFileType = archive.ar; name = libboost_wserialization.a; path = ext/osx/lib/boost/libboost_wserialization.a; sourceTree = "<group>"; };
		B60CD7521A00F62F009046F5 /* Cocoa.framework */ = {isa = PBXFileReference; lastKnownFileType = wrapper.framework; name = Cocoa.framework; path = System/Library/Frameworks/Cocoa.framework; sourceTree = SDKROOT; };
		B60CD7531A00F62F009046F5 /* GLUT.framework */ = {isa = PBXFileReference; lastKnownFileType = wrapper.framework; name = GLUT.framework; path = System/Library/Frameworks/GLUT.framework; sourceTree = SDKROOT; };
		B60CD7541A00F62F009046F5 /* IOKit.framework */ = {isa = PBXFileReference; lastKnownFileType = wrapper.framework; name = IOKit.framework; path = System/Library/Frameworks/IOKit.framework; sourceTree = SDKROOT; };
		B60CD7551A00F62F009046F5 /* OpenGL.framework */ = {isa = PBXFileReference; lastKnownFileType = wrapper.framework; name = OpenGL.framework; path = System/Library/Frameworks/OpenGL.framework; sourceTree = SDKROOT; };
		B60CD7581A00F684009046F5 /* lodepng.cpp */ = {isa = PBXFileReference; fileEncoding = 4; lastKnownFileType = sourcecode.cpp.cpp; name = lodepng.cpp; path = src/lodepng.cpp; sourceTree = "<group>"; };
		B60CD76A1A01028F009046F5 /* libglfw3.a */ = {isa = PBXFileReference; lastKnownFileType = archive.ar; name = libglfw3.a; path = ext/osx/lib/GLFW/libglfw3.a; sourceTree = "<group>"; };
		B60CD77B1A010BFA009046F5 /* client */ = {isa = PBXFileReference; explicitFileType = "compiled.mach-o.executable"; includeInIndex = 0; path = client; sourceTree = BUILT_PRODUCTS_DIR; };
		B60CD7B11A01113E009046F5 /* shuttle0.0ply.json */ = {isa = PBXFileReference; lastKnownFileType = text.json; name = shuttle0.0ply.json; path = scenes/shuttle0.0ply.json; sourceTree = "<group>"; };
		B60CD7B21A01113E009046F5 /* shuttle0.1ply.json */ = {isa = PBXFileReference; lastKnownFileType = text.json; name = shuttle0.1ply.json; path = scenes/shuttle0.1ply.json; sourceTree = "<group>"; };
		B60CD7B31A01113E009046F5 /* shuttle0.ply.json */ = {isa = PBXFileReference; lastKnownFileType = text.json; name = shuttle0.ply.json; path = scenes/shuttle0.ply.json; sourceTree = "<group>"; };
		B60CD7B51A01561D009046F5 /* cube_blue.json */ = {isa = PBXFileReference; lastKnownFileType = text.json; name = cube_blue.json; path = scenes/cube_blue.json; sourceTree = "<group>"; };
		B6324B591A0A459500F63DE6 /* mesh_parser.cpp */ = {isa = PBXFileReference; fileEncoding = 4; lastKnownFileType = sourcecode.cpp.cpp; name = mesh_parser.cpp; path = tools/parse_scene_src/mesh_parser.cpp; sourceTree = "<group>"; };
		B6324B5A1A0A459500F63DE6 /* mesh_parser.h */ = {isa = PBXFileReference; fileEncoding = 4; lastKnownFileType = sourcecode.c.h; name = mesh_parser.h; path = tools/parse_scene_src/mesh_parser.h; sourceTree = "<group>"; };
		B6324B5C1A0A45A500F63DE6 /* crop_mesh.cpp */ = {isa = PBXFileReference; fileEncoding = 4; lastKnownFileType = sourcecode.cpp.cpp; name = crop_mesh.cpp; path = tools/crop_scene_src/crop_mesh.cpp; sourceTree = "<group>"; };
		B6324B5E1A0A45C500F63DE6 /* mesh_diff.cpp */ = {isa = PBXFileReference; fileEncoding = 4; lastKnownFileType = sourcecode.cpp.cpp; name = mesh_diff.cpp; path = tools/mesh_diff_src/mesh_diff.cpp; sourceTree = "<group>"; };
		B68E7D9E1A0BB45900BC6D32 /* timing_log.cpp */ = {isa = PBXFileReference; lastKnownFileType = sourcecode.cpp.cpp; name = timing_log.cpp; path = tools/timing_log_src/timing_log.cpp; sourceTree = "<group>"; };
		B68E7DA41A0BB4CF00BC6D32 /* timing_log */ = {isa = PBXFileReference; explicitFileType = "compiled.mach-o.executable"; includeInIndex = 0; path = timing_log; sourceTree = BUILT_PRODUCTS_DIR; };
		B6D4B4F11A0390DE00494A3A /* notes */ = {isa = PBXFileReference; lastKnownFileType = text; name = notes; path = doc/notes; sourceTree = "<group>"; };
		B6D4B4F71A03B5BB00494A3A /* tester */ = {isa = PBXFileReference; explicitFileType = "compiled.mach-o.executable"; includeInIndex = 0; path = tester; sourceTree = BUILT_PRODUCTS_DIR; };
		B6D4B4FE1A03C1B700494A3A /* cube_red_diff.json */ = {isa = PBXFileReference; lastKnownFileType = text.json; name = cube_red_diff.json; path = scenes/cube_red_diff.json; sourceTree = "<group>"; };
		B6D836031A069EBA00C392B6 /* test.cpp */ = {isa = PBXFileReference; fileEncoding = 4; lastKnownFileType = sourcecode.cpp.cpp; name = test.cpp; path = test/test.cpp; sourceTree = "<group>"; };
		B6D8360A1A069F3200C392B6 /* mesh_diff */ = {isa = PBXFileReference; explicitFileType = "compiled.mach-o.executable"; includeInIndex = 0; path = mesh_diff; sourceTree = BUILT_PRODUCTS_DIR; };
		B6FB18B21A09530B0053E69D /* mesh_parser */ = {isa = PBXFileReference; explicitFileType = "compiled.mach-o.executable"; includeInIndex = 0; path = mesh_parser; sourceTree = BUILT_PRODUCTS_DIR; };
/* End PBXFileReference section */

/* Begin PBXFrameworksBuildPhase section */
		B603F6121A02B892005D10BE /* Frameworks */ = {
			isa = PBXFrameworksBuildPhase;
			buildActionMask = 2147483647;
			files = (
			);
			runOnlyForDeploymentPostprocessing = 0;
		};
		B60CD7071A00F425009046F5 /* Frameworks */ = {
			isa = PBXFrameworksBuildPhase;
			buildActionMask = 2147483647;
			files = (
				B60CD7611A00F6A7009046F5 /* libboost_system.a in Frameworks */,
				B60CD76B1A01028F009046F5 /* libglfw3.a in Frameworks */,
				B60CD7621A00F6AB009046F5 /* libboost_serialization.a in Frameworks */,
				B60CD75C1A00F699009046F5 /* Cocoa.framework in Frameworks */,
				B60CD75D1A00F699009046F5 /* GLUT.framework in Frameworks */,
				B60CD75E1A00F699009046F5 /* IOKit.framework in Frameworks */,
				B60CD75F1A00F699009046F5 /* OpenGL.framework in Frameworks */,
			);
			runOnlyForDeploymentPostprocessing = 0;
		};
		B60CD7781A010BFA009046F5 /* Frameworks */ = {
			isa = PBXFrameworksBuildPhase;
			buildActionMask = 2147483647;
			files = (
				B60CD78C1A010C6E009046F5 /* libboost_system.a in Frameworks */,
				B60CD78D1A010C72009046F5 /* libboost_serialization.a in Frameworks */,
				B60CD7871A010C61009046F5 /* Cocoa.framework in Frameworks */,
				B60CD7881A010C61009046F5 /* GLUT.framework in Frameworks */,
				B60CD7891A010C61009046F5 /* IOKit.framework in Frameworks */,
				B60CD78B1A010C67009046F5 /* libglfw3.a in Frameworks */,
				B60CD78A1A010C61009046F5 /* OpenGL.framework in Frameworks */,
			);
			runOnlyForDeploymentPostprocessing = 0;
		};
		B68E7DA11A0BB4CF00BC6D32 /* Frameworks */ = {
			isa = PBXFrameworksBuildPhase;
			buildActionMask = 2147483647;
			files = (
				B68E7DAC1A0BB4EE00BC6D32 /* libboost_serialization.a in Frameworks */,
				B68E7DAD1A0BB4F100BC6D32 /* libboost_system.a in Frameworks */,
			);
			runOnlyForDeploymentPostprocessing = 0;
		};
		B6D4B4F41A03B5BB00494A3A /* Frameworks */ = {
			isa = PBXFrameworksBuildPhase;
			buildActionMask = 2147483647;
			files = (
			);
			runOnlyForDeploymentPostprocessing = 0;
		};
		B6D836071A069F3200C392B6 /* Frameworks */ = {
			isa = PBXFrameworksBuildPhase;
			buildActionMask = 2147483647;
			files = (
				B6D836191A06A7E500C392B6 /* libboost_serialization.a in Frameworks */,
				B6D836181A06A7E200C392B6 /* libboost_system.a in Frameworks */,
			);
			runOnlyForDeploymentPostprocessing = 0;
		};
		B6FB18AF1A09530B0053E69D /* Frameworks */ = {
			isa = PBXFrameworksBuildPhase;
			buildActionMask = 2147483647;
			files = (
			);
			runOnlyForDeploymentPostprocessing = 0;
		};
/* End PBXFrameworksBuildPhase section */

/* Begin PBXGroup section */
		B603F60C1A02B608005D10BE /* tools */ = {
			isa = PBXGroup;
			children = (
				B6D836111A069F4600C392B6 /* mesh_diff */,
				B603F6101A02B678005D10BE /* mesh_parser */,
				B603F60D1A02B611005D10BE /* crop_scene_file */,
				B68E7D9F1A0BB46100BC6D32 /* timing_log */,
			);
			name = tools;
			sourceTree = "<group>";
		};
		B603F60D1A02B611005D10BE /* crop_scene_file */ = {
			isa = PBXGroup;
			children = (
				B6324B5C1A0A45A500F63DE6 /* crop_mesh.cpp */,
			);
			name = crop_scene_file;
			sourceTree = "<group>";
		};
		B603F6101A02B678005D10BE /* mesh_parser */ = {
			isa = PBXGroup;
			children = (
				B6324B591A0A459500F63DE6 /* mesh_parser.cpp */,
				B6324B5A1A0A459500F63DE6 /* mesh_parser.h */,
			);
			name = mesh_parser;
			sourceTree = "<group>";
		};
		B60CD6DB1A00EA8D009046F5 = {
			isa = PBXGroup;
			children = (
				B6D4B4F11A0390DE00494A3A /* notes */,
				B60CD74E1A00F5F5009046F5 /* Libraries */,
				B60CD6E51A00EA8D009046F5 /* Products */,
				B60CD7B41A011146009046F5 /* scenes */,
				B60CD7011A00F1AB009046F5 /* src */,
				B6D836051A069EBC00C392B6 /* test */,
				B603F60C1A02B608005D10BE /* tools */,
			);
			sourceTree = "<group>";
		};
		B60CD6E51A00EA8D009046F5 /* Products */ = {
			isa = PBXGroup;
			children = (
				B60CD70A1A00F425009046F5 /* server */,
				B60CD77B1A010BFA009046F5 /* client */,
				B603F6151A02B892005D10BE /* crop_mesh */,
				B6D4B4F71A03B5BB00494A3A /* tester */,
				B6D8360A1A069F3200C392B6 /* mesh_diff */,
				B6FB18B21A09530B0053E69D /* mesh_parser */,
				B68E7DA41A0BB4CF00BC6D32 /* timing_log */,
			);
			name = Products;
			sourceTree = "<group>";
		};
		B60CD7011A00F1AB009046F5 /* src */ = {
			isa = PBXGroup;
			children = (
				B60CD7051A00F250009046F5 /* client_editor.cpp */,
				B60CD6FB1A00F19E009046F5 /* image.cpp */,
				B60CD6FC1A00F19E009046F5 /* json.cpp */,
				B60CD7581A00F684009046F5 /* lodepng.cpp */,
				B60CD6FE1A00F19E009046F5 /* scene_distributed.cpp */,
				B60CD7041A00F233009046F5 /* server_monitor.cpp */,
				B60CD7031A00F1DE009046F5 /* headers */,
				B60CD7021A00F1B5009046F5 /* shader */,
			);
			name = src;
			sourceTree = "<group>";
		};
		B60CD7021A00F1B5009046F5 /* shader */ = {
			isa = PBXGroup;
			children = (
				B60CD6FF1A00F19E009046F5 /* fragment.glsl */,
				B60CD7001A00F19E009046F5 /* vertex.glsl */,
			);
			name = shader;
			sourceTree = "<group>";
		};
		B60CD7031A00F1DE009046F5 /* headers */ = {
			isa = PBXGroup;
			children = (
				B60CD6F61A00F19E009046F5 /* client.hpp */,
				B603F6051A02A39C005D10BE /* common.h */,
				B60CD6EE1A00F19E009046F5 /* id_reference.h */,
				B60CD6EF1A00F19E009046F5 /* image.h */,
				B60CD6F01A00F19E009046F5 /* json.h */,
				B603F6061A02A3B6005D10BE /* lodepng.h */,
				B60CD6F71A00F19E009046F5 /* mesh_msg.hpp */,
				B603F6071A02A3C2005D10BE /* message.h */,
				B60CD6F21A00F19E009046F5 /* picojson.h */,
				B60CD6F31A00F19E009046F5 /* scene_distributed.h */,
				B60CD6F81A00F19E009046F5 /* serialization.hpp */,
				B60CD6F41A00F19E009046F5 /* server.h */,
				B60CD6F51A00F19E009046F5 /* vmath.h */,
			);
			name = headers;
			sourceTree = "<group>";
		};
		B60CD74E1A00F5F5009046F5 /* Libraries */ = {
			isa = PBXGroup;
			children = (
				B60CD7671A00F7C7009046F5 /* GLFW */,
				B60CD7521A00F62F009046F5 /* Cocoa.framework */,
				B60CD7531A00F62F009046F5 /* GLUT.framework */,
				B60CD7541A00F62F009046F5 /* IOKit.framework */,
				B60CD7551A00F62F009046F5 /* OpenGL.framework */,
				B60CD74F1A00F605009046F5 /* boost */,
			);
			name = Libraries;
			sourceTree = "<group>";
		};
		B60CD74F1A00F605009046F5 /* boost */ = {
			isa = PBXGroup;
			children = (
				B60CD7111A00F5EE009046F5 /* libboost_atomic-mt.a */,
				B60CD7121A00F5EE009046F5 /* libboost_chrono-mt.a */,
				B60CD7131A00F5EE009046F5 /* libboost_chrono.a */,
				B60CD7141A00F5EE009046F5 /* libboost_container-mt.a */,
				B60CD7151A00F5EE009046F5 /* libboost_container.a */,
				B60CD7161A00F5EE009046F5 /* libboost_context-mt.a */,
				B60CD7171A00F5EE009046F5 /* libboost_context.a */,
				B60CD7181A00F5EE009046F5 /* libboost_coroutine-mt.a */,
				B60CD7191A00F5EE009046F5 /* libboost_coroutine.a */,
				B60CD71A1A00F5EE009046F5 /* libboost_date_time-mt.a */,
				B60CD71B1A00F5EE009046F5 /* libboost_date_time.a */,
				B60CD71C1A00F5EE009046F5 /* libboost_exception-mt.a */,
				B60CD71D1A00F5EE009046F5 /* libboost_exception.a */,
				B60CD71E1A00F5EE009046F5 /* libboost_filesystem-mt.a */,
				B60CD71F1A00F5EE009046F5 /* libboost_filesystem.a */,
				B60CD7201A00F5EE009046F5 /* libboost_graph-mt.a */,
				B60CD7211A00F5EE009046F5 /* libboost_graph.a */,
				B60CD7221A00F5EE009046F5 /* libboost_iostreams-mt.a */,
				B60CD7231A00F5EE009046F5 /* libboost_iostreams.a */,
				B60CD7241A00F5EE009046F5 /* libboost_locale-mt.a */,
				B60CD7251A00F5EE009046F5 /* libboost_log_setup-mt.a */,
				B60CD7261A00F5EE009046F5 /* libboost_log_setup.a */,
				B60CD7271A00F5EE009046F5 /* libboost_log-mt.a */,
				B60CD7281A00F5EE009046F5 /* libboost_log.a */,
				B60CD7291A00F5EE009046F5 /* libboost_math_c99-mt.a */,
				B60CD72A1A00F5EE009046F5 /* libboost_math_c99.a */,
				B60CD72B1A00F5EE009046F5 /* libboost_math_c99f-mt.a */,
				B60CD72C1A00F5EE009046F5 /* libboost_math_c99f.a */,
				B60CD72D1A00F5EE009046F5 /* libboost_math_c99l-mt.a */,
				B60CD72E1A00F5EE009046F5 /* libboost_math_c99l.a */,
				B60CD72F1A00F5EE009046F5 /* libboost_math_tr1-mt.a */,
				B60CD7301A00F5EE009046F5 /* libboost_math_tr1.a */,
				B60CD7311A00F5EE009046F5 /* libboost_math_tr1f-mt.a */,
				B60CD7321A00F5EE009046F5 /* libboost_math_tr1f.a */,
				B60CD7331A00F5EE009046F5 /* libboost_math_tr1l-mt.a */,
				B60CD7341A00F5EE009046F5 /* libboost_math_tr1l.a */,
				B60CD7351A00F5EE009046F5 /* libboost_prg_exec_monitor-mt.a */,
				B60CD7361A00F5EE009046F5 /* libboost_prg_exec_monitor.a */,
				B60CD7371A00F5EE009046F5 /* libboost_program_options-mt.a */,
				B60CD7381A00F5EE009046F5 /* libboost_program_options.a */,
				B60CD7391A00F5EE009046F5 /* libboost_random-mt.a */,
				B60CD73A1A00F5EE009046F5 /* libboost_random.a */,
				B60CD73B1A00F5EE009046F5 /* libboost_regex-mt.a */,
				B60CD73C1A00F5EE009046F5 /* libboost_regex.a */,
				B60CD73D1A00F5EE009046F5 /* libboost_serialization-mt.a */,
				B60CD73E1A00F5EE009046F5 /* libboost_serialization.a */,
				B60CD73F1A00F5EE009046F5 /* libboost_signals-mt.a */,
				B60CD7401A00F5EE009046F5 /* libboost_signals.a */,
				B60CD7411A00F5EE009046F5 /* libboost_system-mt.a */,
				B60CD7421A00F5EE009046F5 /* libboost_system.a */,
				B60CD7431A00F5EE009046F5 /* libboost_test_exec_monitor-mt.a */,
				B60CD7441A00F5EE009046F5 /* libboost_test_exec_monitor.a */,
				B60CD7451A00F5EE009046F5 /* libboost_thread-mt.a */,
				B60CD7461A00F5EE009046F5 /* libboost_timer-mt.a */,
				B60CD7471A00F5EE009046F5 /* libboost_timer.a */,
				B60CD7481A00F5EE009046F5 /* libboost_unit_test_framework-mt.a */,
				B60CD7491A00F5EE009046F5 /* libboost_unit_test_framework.a */,
				B60CD74A1A00F5EE009046F5 /* libboost_wave-mt.a */,
				B60CD74B1A00F5EE009046F5 /* libboost_wave.a */,
				B60CD74C1A00F5EE009046F5 /* libboost_wserialization-mt.a */,
				B60CD74D1A00F5EE009046F5 /* libboost_wserialization.a */,
			);
			name = boost;
			sourceTree = "<group>";
		};
		B60CD7671A00F7C7009046F5 /* GLFW */ = {
			isa = PBXGroup;
			children = (
				B60CD76A1A01028F009046F5 /* libglfw3.a */,
			);
			name = GLFW;
			sourceTree = "<group>";
		};
		B60CD7B41A011146009046F5 /* scenes */ = {
			isa = PBXGroup;
			children = (
				B60CD7B51A01561D009046F5 /* cube_blue.json */,
				B603F6011A024983005D10BE /* cube_green.json */,
				B603F6001A024975005D10BE /* cube_red.json */,
				B6D4B4FE1A03C1B700494A3A /* cube_red_diff.json */,
				B60CD7B31A01113E009046F5 /* shuttle0.ply.json */,
				B60CD7B11A01113E009046F5 /* shuttle0.0ply.json */,
				B60CD7B21A01113E009046F5 /* shuttle0.1ply.json */,
				B603F6021A029F97005D10BE /* shuttle0.2ply.json */,
				B603F6031A029F97005D10BE /* shuttle0.3ply.json */,
				B603F6041A029F97005D10BE /* shuttle0.4ply.json */,
			);
			name = scenes;
			sourceTree = "<group>";
		};
		B68E7D9F1A0BB46100BC6D32 /* timing_log */ = {
			isa = PBXGroup;
			children = (
				B68E7D9E1A0BB45900BC6D32 /* timing_log.cpp */,
			);
			name = timing_log;
			sourceTree = "<group>";
		};
		B6D836051A069EBC00C392B6 /* test */ = {
			isa = PBXGroup;
			children = (
				B6D836031A069EBA00C392B6 /* test.cpp */,
			);
			name = test;
			sourceTree = "<group>";
		};
		B6D836111A069F4600C392B6 /* mesh_diff */ = {
			isa = PBXGroup;
			children = (
				B6324B5E1A0A45C500F63DE6 /* mesh_diff.cpp */,
			);
			name = mesh_diff;
			sourceTree = "<group>";
		};
/* End PBXGroup section */

/* Begin PBXNativeTarget section */
		B603F6141A02B892005D10BE /* crop_mesh */ = {
			isa = PBXNativeTarget;
			buildConfigurationList = B603F6191A02B892005D10BE /* Build configuration list for PBXNativeTarget "crop_mesh" */;
			buildPhases = (
				B603F6111A02B892005D10BE /* Sources */,
				B603F6121A02B892005D10BE /* Frameworks */,
				B603F6131A02B892005D10BE /* CopyFiles */,
			);
			buildRules = (
			);
			dependencies = (
			);
			name = crop_mesh;
			productName = crop_mesh;
			productReference = B603F6151A02B892005D10BE /* crop_mesh */;
			productType = "com.apple.product-type.tool";
		};
		B60CD7091A00F425009046F5 /* server */ = {
			isa = PBXNativeTarget;
			buildConfigurationList = B60CD70E1A00F425009046F5 /* Build configuration list for PBXNativeTarget "server" */;
			buildPhases = (
				B60CD7061A00F425009046F5 /* Sources */,
				B60CD7071A00F425009046F5 /* Frameworks */,
				B60CD7081A00F425009046F5 /* CopyFiles */,
			);
			buildRules = (
			);
			dependencies = (
			);
			name = server;
			productName = server;
			productReference = B60CD70A1A00F425009046F5 /* server */;
			productType = "com.apple.product-type.tool";
		};
		B60CD77A1A010BFA009046F5 /* client */ = {
			isa = PBXNativeTarget;
			buildConfigurationList = B60CD77F1A010BFA009046F5 /* Build configuration list for PBXNativeTarget "client" */;
			buildPhases = (
				B60CD7771A010BFA009046F5 /* Sources */,
				B60CD7781A010BFA009046F5 /* Frameworks */,
				B60CD7791A010BFA009046F5 /* CopyFiles */,
			);
			buildRules = (
			);
			dependencies = (
			);
			name = client;
			productName = client;
			productReference = B60CD77B1A010BFA009046F5 /* client */;
			productType = "com.apple.product-type.tool";
		};
		B68E7DA31A0BB4CF00BC6D32 /* timing_log */ = {
			isa = PBXNativeTarget;
			buildConfigurationList = B68E7DA81A0BB4CF00BC6D32 /* Build configuration list for PBXNativeTarget "timing_log" */;
			buildPhases = (
				B68E7DA01A0BB4CF00BC6D32 /* Sources */,
				B68E7DA11A0BB4CF00BC6D32 /* Frameworks */,
				B68E7DA21A0BB4CF00BC6D32 /* CopyFiles */,
			);
			buildRules = (
			);
			dependencies = (
			);
			name = timing_log;
			productName = timing_log;
			productReference = B68E7DA41A0BB4CF00BC6D32 /* timing_log */;
			productType = "com.apple.product-type.tool";
		};
		B6D4B4F61A03B5BB00494A3A /* tester */ = {
			isa = PBXNativeTarget;
			buildConfigurationList = B6D4B4FB1A03B5BB00494A3A /* Build configuration list for PBXNativeTarget "tester" */;
			buildPhases = (
				B6D4B4F31A03B5BB00494A3A /* Sources */,
				B6D4B4F41A03B5BB00494A3A /* Frameworks */,
				B6D4B4F51A03B5BB00494A3A /* CopyFiles */,
			);
			buildRules = (
			);
			dependencies = (
			);
			name = tester;
			productName = tester;
			productReference = B6D4B4F71A03B5BB00494A3A /* tester */;
			productType = "com.apple.product-type.tool";
		};
		B6D836091A069F3200C392B6 /* mesh_diff */ = {
			isa = PBXNativeTarget;
			buildConfigurationList = B6D8360E1A069F3200C392B6 /* Build configuration list for PBXNativeTarget "mesh_diff" */;
			buildPhases = (
				B6D836061A069F3200C392B6 /* Sources */,
				B6D836071A069F3200C392B6 /* Frameworks */,
				B6D836081A069F3200C392B6 /* CopyFiles */,
			);
			buildRules = (
			);
			dependencies = (
			);
			name = mesh_diff;
			productName = mesh_diff;
			productReference = B6D8360A1A069F3200C392B6 /* mesh_diff */;
			productType = "com.apple.product-type.tool";
		};
		B6FB18B11A09530B0053E69D /* mesh_parser */ = {
			isa = PBXNativeTarget;
			buildConfigurationList = B6FB18B81A09530B0053E69D /* Build configuration list for PBXNativeTarget "mesh_parser" */;
			buildPhases = (
				B6FB18AE1A09530B0053E69D /* Sources */,
				B6FB18AF1A09530B0053E69D /* Frameworks */,
				B6FB18B01A09530B0053E69D /* CopyFiles */,
			);
			buildRules = (
			);
			dependencies = (
			);
			name = mesh_parser;
			productName = mesh_parser;
			productReference = B6FB18B21A09530B0053E69D /* mesh_parser */;
			productType = "com.apple.product-type.tool";
		};
/* End PBXNativeTarget section */

/* Begin PBXProject section */
		B60CD6DC1A00EA8D009046F5 /* Project object */ = {
			isa = PBXProject;
			attributes = {
				LastUpgradeCheck = 0610;
				ORGANIZATIONNAME = "Gabriele Palozzi";
				TargetAttributes = {
					B603F6141A02B892005D10BE = {
						CreatedOnToolsVersion = 6.1;
					};
					B60CD7091A00F425009046F5 = {
						CreatedOnToolsVersion = 6.1;
					};
					B60CD77A1A010BFA009046F5 = {
						CreatedOnToolsVersion = 6.1;
					};
					B68E7DA31A0BB4CF00BC6D32 = {
						CreatedOnToolsVersion = 6.1;
					};
					B6D4B4F61A03B5BB00494A3A = {
						CreatedOnToolsVersion = 6.1;
					};
					B6D836091A069F3200C392B6 = {
						CreatedOnToolsVersion = 6.1;
					};
					B6FB18B11A09530B0053E69D = {
						CreatedOnToolsVersion = 6.1;
					};
				};
			};
			buildConfigurationList = B60CD6DF1A00EA8D009046F5 /* Build configuration list for PBXProject "dist_scene" */;
			compatibilityVersion = "Xcode 3.2";
			developmentRegion = English;
			hasScannedForEncodings = 0;
			knownRegions = (
				en,
			);
			mainGroup = B60CD6DB1A00EA8D009046F5;
			productRefGroup = B60CD6E51A00EA8D009046F5 /* Products */;
			projectDirPath = "";
			projectRoot = "";
			targets = (
				B60CD7091A00F425009046F5 /* server */,
				B60CD77A1A010BFA009046F5 /* client */,
				B603F6141A02B892005D10BE /* crop_mesh */,
				B6D4B4F61A03B5BB00494A3A /* tester */,
				B6D836091A069F3200C392B6 /* mesh_diff */,
				B6FB18B11A09530B0053E69D /* mesh_parser */,
				B68E7DA31A0BB4CF00BC6D32 /* timing_log */,
			);
		};
/* End PBXProject section */

/* Begin PBXSourcesBuildPhase section */
		B603F6111A02B892005D10BE /* Sources */ = {
			isa = PBXSourcesBuildPhase;
			buildActionMask = 2147483647;
			files = (
				B6324B5D1A0A45A500F63DE6 /* crop_mesh.cpp in Sources */,
			);
			runOnlyForDeploymentPostprocessing = 0;
		};
		B60CD7061A00F425009046F5 /* Sources */ = {
			isa = PBXSourcesBuildPhase;
			buildActionMask = 2147483647;
			files = (
				B60CD75B1A00F68F009046F5 /* scene_distributed.cpp in Sources */,
				B60CD75A1A00F68A009046F5 /* image.cpp in Sources */,
				B60CD7591A00F684009046F5 /* lodepng.cpp in Sources */,
				B60CD7571A00F667009046F5 /* server_monitor.cpp in Sources */,
				B60CD7561A00F661009046F5 /* json.cpp in Sources */,
			);
			runOnlyForDeploymentPostprocessing = 0;
		};
		B60CD7771A010BFA009046F5 /* Sources */ = {
			isa = PBXSourcesBuildPhase;
			buildActionMask = 2147483647;
			files = (
				B60CD7821A010C41009046F5 /* scene_distributed.cpp in Sources */,
				B60CD7831A010C44009046F5 /* image.cpp in Sources */,
				B60CD7841A010C49009046F5 /* lodepng.cpp in Sources */,
				B60CD7851A010C50009046F5 /* client_editor.cpp in Sources */,
				B60CD7861A010C53009046F5 /* json.cpp in Sources */,
			);
			runOnlyForDeploymentPostprocessing = 0;
		};
		B68E7DA01A0BB4CF00BC6D32 /* Sources */ = {
			isa = PBXSourcesBuildPhase;
			buildActionMask = 2147483647;
			files = (
				B68E7DAB1A0BB4E200BC6D32 /* timing_log.cpp in Sources */,
			);
			runOnlyForDeploymentPostprocessing = 0;
		};
		B6D4B4F31A03B5BB00494A3A /* Sources */ = {
			isa = PBXSourcesBuildPhase;
			buildActionMask = 2147483647;
			files = (
				B6D836041A069EBA00C392B6 /* test.cpp in Sources */,
			);
			runOnlyForDeploymentPostprocessing = 0;
		};
		B6D836061A069F3200C392B6 /* Sources */ = {
			isa = PBXSourcesBuildPhase;
			buildActionMask = 2147483647;
			files = (
				B6D836171A06A68700C392B6 /* lodepng.cpp in Sources */,
				B6D836151A06A65300C392B6 /* image.cpp in Sources */,
				B6D836161A06A67000C392B6 /* json.cpp in Sources */,
				B6D836141A06A06600C392B6 /* scene_distributed.cpp in Sources */,
				B6324B5F1A0A45C500F63DE6 /* mesh_diff.cpp in Sources */,
			);
			runOnlyForDeploymentPostprocessing = 0;
		};
		B6FB18AE1A09530B0053E69D /* Sources */ = {
			isa = PBXSourcesBuildPhase;
			buildActionMask = 2147483647;
			files = (
				B6324B5B1A0A459500F63DE6 /* mesh_parser.cpp in Sources */,
			);
			runOnlyForDeploymentPostprocessing = 0;
		};
/* End PBXSourcesBuildPhase section */

/* Begin XCBuildConfiguration section */
		B603F61A1A02B892005D10BE /* Debug */ = {
			isa = XCBuildConfiguration;
			buildSettings = {
				ALWAYS_SEARCH_USER_PATHS = NO;
				CLANG_ENABLE_MODULES = YES;
				ENABLE_STRICT_OBJC_MSGSEND = YES;
				GCC_PREPROCESSOR_DEFINITIONS = (
					"DEBUG=1",
					"$(inherited)",
				);
				GCC_WARN_64_TO_32_BIT_CONVERSION = NO;
				GCC_WARN_UNINITIALIZED_AUTOS = NO;
				GCC_WARN_UNUSED_FUNCTION = NO;
				MTL_ENABLE_DEBUG_INFO = YES;
				PRODUCT_NAME = "$(TARGET_NAME)";
				SYMROOT = "$(PROJECT_DIR)/tools";
			};
			name = Debug;
		};
		B603F61B1A02B892005D10BE /* Release */ = {
			isa = XCBuildConfiguration;
			buildSettings = {
				ALWAYS_SEARCH_USER_PATHS = NO;
				CLANG_ENABLE_MODULES = YES;
				ENABLE_STRICT_OBJC_MSGSEND = YES;
				GCC_WARN_64_TO_32_BIT_CONVERSION = NO;
				GCC_WARN_UNINITIALIZED_AUTOS = NO;
				GCC_WARN_UNUSED_FUNCTION = NO;
				MTL_ENABLE_DEBUG_INFO = NO;
				PRODUCT_NAME = "$(TARGET_NAME)";
				SYMROOT = "$(PROJECT_DIR)/tools";
			};
			name = Release;
		};
		B60CD6E91A00EA8D009046F5 /* Debug */ = {
			isa = XCBuildConfiguration;
			buildSettings = {
				ALWAYS_SEARCH_USER_PATHS = YES;
				CLANG_CXX_LANGUAGE_STANDARD = "gnu++0x";
				CLANG_CXX_LIBRARY = "libc++";
				CLANG_ENABLE_MODULES = NO;
				CLANG_ENABLE_OBJC_ARC = YES;
				CLANG_WARN_BOOL_CONVERSION = YES;
				CLANG_WARN_CONSTANT_CONVERSION = YES;
				CLANG_WARN_DIRECT_OBJC_ISA_USAGE = YES_ERROR;
				CLANG_WARN_EMPTY_BODY = YES;
				CLANG_WARN_ENUM_CONVERSION = YES;
				CLANG_WARN_INT_CONVERSION = YES;
				CLANG_WARN_OBJC_ROOT_CLASS = YES_ERROR;
				CLANG_WARN_UNREACHABLE_CODE = YES;
				CLANG_WARN__DUPLICATE_METHOD_MATCH = YES;
				CONFIGURATION_BUILD_DIR = "$(BUILD_DIR)";
				COPY_PHASE_STRIP = NO;
				ENABLE_STRICT_OBJC_MSGSEND = NO;
				GCC_C_LANGUAGE_STANDARD = gnu99;
				GCC_DYNAMIC_NO_PIC = NO;
				GCC_OPTIMIZATION_LEVEL = 0;
				GCC_PREPROCESSOR_DEFINITIONS = (
					"DEBUG=1",
					"$(inherited)",
				);
				GCC_SYMBOLS_PRIVATE_EXTERN = NO;
				GCC_WARN_64_TO_32_BIT_CONVERSION = NO;
				GCC_WARN_ABOUT_RETURN_TYPE = YES_ERROR;
				GCC_WARN_UNDECLARED_SELECTOR = YES;
				GCC_WARN_UNINITIALIZED_AUTOS = YES;
				GCC_WARN_UNUSED_FUNCTION = NO;
				GCC_WARN_UNUSED_VARIABLE = YES;
				HEADER_SEARCH_PATHS = (
					/usr/local/include,
					"$(PROJECT_DIR)/ext/osx/include",
					"$(inherited)",
					/Applications/Xcode.app/Contents/Developer/Toolchains/XcodeDefault.xctoolchain/usr/include,
				);
				LIBRARY_SEARCH_PATHS = (
					/usr/local/lib,
					"$(PROJECT_DIR)/ext/osx/lib/GLFW",
				);
				MACOSX_DEPLOYMENT_TARGET = 10.10;
				MTL_ENABLE_DEBUG_INFO = "";
				OBJROOT = "$(PROJECT_DIR)/build";
				ONLY_ACTIVE_ARCH = YES;
				SDKROOT = macosx;
				SYMROOT = "$(PROJECT_DIR)/bin";
				USER_HEADER_SEARCH_PATHS = "$(PROJECT_DIR)/src";
			};
			name = Debug;
		};
		B60CD6EA1A00EA8D009046F5 /* Release */ = {
			isa = XCBuildConfiguration;
			buildSettings = {
				ALWAYS_SEARCH_USER_PATHS = YES;
				CLANG_CXX_LANGUAGE_STANDARD = "gnu++0x";
				CLANG_CXX_LIBRARY = "libc++";
				CLANG_ENABLE_MODULES = NO;
				CLANG_ENABLE_OBJC_ARC = YES;
				CLANG_WARN_BOOL_CONVERSION = YES;
				CLANG_WARN_CONSTANT_CONVERSION = YES;
				CLANG_WARN_DIRECT_OBJC_ISA_USAGE = YES_ERROR;
				CLANG_WARN_EMPTY_BODY = YES;
				CLANG_WARN_ENUM_CONVERSION = YES;
				CLANG_WARN_INT_CONVERSION = YES;
				CLANG_WARN_OBJC_ROOT_CLASS = YES_ERROR;
				CLANG_WARN_UNREACHABLE_CODE = YES;
				CLANG_WARN__DUPLICATE_METHOD_MATCH = YES;
				CONFIGURATION_BUILD_DIR = "$(BUILD_DIR)";
				COPY_PHASE_STRIP = YES;
				DEBUG_INFORMATION_FORMAT = "dwarf-with-dsym";
				ENABLE_NS_ASSERTIONS = NO;
				ENABLE_STRICT_OBJC_MSGSEND = NO;
				GCC_C_LANGUAGE_STANDARD = gnu99;
				GCC_FAST_MATH = NO;
				GCC_OPTIMIZATION_LEVEL = fast;
				GCC_UNROLL_LOOPS = NO;
				GCC_WARN_64_TO_32_BIT_CONVERSION = NO;
				GCC_WARN_ABOUT_RETURN_TYPE = YES_ERROR;
				GCC_WARN_UNDECLARED_SELECTOR = YES;
				GCC_WARN_UNINITIALIZED_AUTOS = YES;
				GCC_WARN_UNUSED_FUNCTION = NO;
				GCC_WARN_UNUSED_VARIABLE = YES;
				HEADER_SEARCH_PATHS = (
					/usr/local/include,
					"$(PROJECT_DIR)/ext/osx/include",
					"$(inherited)",
					/Applications/Xcode.app/Contents/Developer/Toolchains/XcodeDefault.xctoolchain/usr/include,
				);
				LIBRARY_SEARCH_PATHS = (
					/usr/local/lib,
					"$(PROJECT_DIR)/ext/osx/lib/GLFW",
				);
				MACOSX_DEPLOYMENT_TARGET = 10.10;
				MTL_ENABLE_DEBUG_INFO = YES;
				OBJROOT = "$(PROJECT_DIR)/build";
				SDKROOT = macosx;
				SYMROOT = "$(PROJECT_DIR)/bin";
				USER_HEADER_SEARCH_PATHS = "$(PROJECT_DIR)/src";
			};
			name = Release;
		};
		B60CD70F1A00F425009046F5 /* Debug */ = {
			isa = XCBuildConfiguration;
			buildSettings = {
				CONFIGURATION_BUILD_DIR = "$(BUILD_DIR)";
				ENABLE_STRICT_OBJC_MSGSEND = NO;
				GCC_FAST_MATH = NO;
				GCC_PREPROCESSOR_DEFINITIONS = "$(inherited)";
				GCC_UNROLL_LOOPS = NO;
				GCC_WARN_UNINITIALIZED_AUTOS = YES;
				HEADER_SEARCH_PATHS = (
					"$(inherited)",
					/Applications/Xcode.app/Contents/Developer/Toolchains/XcodeDefault.xctoolchain/usr/include,
				);
				LIBRARY_SEARCH_PATHS = "$(inherited)";
				MTL_ENABLE_DEBUG_INFO = "";
				PRODUCT_NAME = "$(TARGET_NAME)";
				SYMROOT = "$(inherited)";
				USER_HEADER_SEARCH_PATHS = "";
			};
			name = Debug;
		};
		B60CD7101A00F425009046F5 /* Release */ = {
			isa = XCBuildConfiguration;
			buildSettings = {
				CONFIGURATION_BUILD_DIR = "$(BUILD_DIR)";
				ENABLE_STRICT_OBJC_MSGSEND = NO;
				GCC_FAST_MATH = NO;
				GCC_UNROLL_LOOPS = NO;
				GCC_WARN_UNINITIALIZED_AUTOS = YES;
				HEADER_SEARCH_PATHS = (
					"$(inherited)",
					/Applications/Xcode.app/Contents/Developer/Toolchains/XcodeDefault.xctoolchain/usr/include,
				);
				LIBRARY_SEARCH_PATHS = "$(inherited)";
				MTL_ENABLE_DEBUG_INFO = YES;
				PRODUCT_NAME = "$(TARGET_NAME)";
				SYMROOT = "$(inherited)";
				USER_HEADER_SEARCH_PATHS = "";
			};
			name = Release;
		};
		B60CD7801A010BFA009046F5 /* Debug */ = {
			isa = XCBuildConfiguration;
			buildSettings = {
				ALWAYS_SEARCH_USER_PATHS = NO;
				CLANG_ENABLE_MODULES = NO;
				ENABLE_STRICT_OBJC_MSGSEND = NO;
				GCC_PREPROCESSOR_DEFINITIONS = "$(inherited)";
				GCC_WARN_64_TO_32_BIT_CONVERSION = NO;
				GCC_WARN_UNINITIALIZED_AUTOS = YES;
				GCC_WARN_UNUSED_FUNCTION = NO;
				LIBRARY_SEARCH_PATHS = (
					"$(inherited)",
					"$(PROJECT_DIR)/ext/osx/lib/GLFW",
					"$(PROJECT_DIR)/ext/osx/lib/boost",
				);
				MTL_ENABLE_DEBUG_INFO = YES;
				PRODUCT_NAME = "$(TARGET_NAME)";
			};
			name = Debug;
		};
		B60CD7811A010BFA009046F5 /* Release */ = {
			isa = XCBuildConfiguration;
			buildSettings = {
				ALWAYS_SEARCH_USER_PATHS = NO;
				CLANG_ENABLE_MODULES = NO;
				ENABLE_STRICT_OBJC_MSGSEND = NO;
				GCC_WARN_64_TO_32_BIT_CONVERSION = NO;
				GCC_WARN_UNINITIALIZED_AUTOS = YES;
				GCC_WARN_UNUSED_FUNCTION = NO;
				LIBRARY_SEARCH_PATHS = (
					"$(inherited)",
					"$(PROJECT_DIR)/ext/osx/lib/GLFW",
					"$(PROJECT_DIR)/ext/osx/lib/boost",
				);
				MTL_ENABLE_DEBUG_INFO = NO;
				PRODUCT_NAME = "$(TARGET_NAME)";
			};
			name = Release;
		};
		B68E7DA91A0BB4CF00BC6D32 /* Debug */ = {
			isa = XCBuildConfiguration;
			buildSettings = {
				ALWAYS_SEARCH_USER_PATHS = NO;
				CLANG_ENABLE_MODULES = YES;
				ENABLE_STRICT_OBJC_MSGSEND = YES;
				GCC_PREPROCESSOR_DEFINITIONS = (
					"DEBUG=1",
					"$(inherited)",
				);
				GCC_WARN_64_TO_32_BIT_CONVERSION = YES;
				GCC_WARN_UNINITIALIZED_AUTOS = YES_AGGRESSIVE;
				GCC_WARN_UNUSED_FUNCTION = YES;
				LIBRARY_SEARCH_PATHS = (
					"$(inherited)",
					"$(PROJECT_DIR)/ext/osx/lib/boost",
				);
				MTL_ENABLE_DEBUG_INFO = YES;
				PRODUCT_NAME = "$(TARGET_NAME)";
				SYMROOT = "$(PROJECT_DIR)/tools";
			};
			name = Debug;
		};
		B68E7DAA1A0BB4CF00BC6D32 /* Release */ = {
			isa = XCBuildConfiguration;
			buildSettings = {
				ALWAYS_SEARCH_USER_PATHS = NO;
				CLANG_ENABLE_MODULES = YES;
				ENABLE_STRICT_OBJC_MSGSEND = YES;
				GCC_WARN_64_TO_32_BIT_CONVERSION = YES;
				GCC_WARN_UNINITIALIZED_AUTOS = YES_AGGRESSIVE;
				GCC_WARN_UNUSED_FUNCTION = YES;
				LIBRARY_SEARCH_PATHS = (
					"$(inherited)",
					"$(PROJECT_DIR)/ext/osx/lib/boost",
				);
				MTL_ENABLE_DEBUG_INFO = NO;
				PRODUCT_NAME = "$(TARGET_NAME)";
				SYMROOT = "$(PROJECT_DIR)/tools";
			};
			name = Release;
		};
		B6D4B4FC1A03B5BB00494A3A /* Debug */ = {
			isa = XCBuildConfiguration;
			buildSettings = {
				ALWAYS_SEARCH_USER_PATHS = NO;
				CLANG_ENABLE_MODULES = YES;
				ENABLE_STRICT_OBJC_MSGSEND = YES;
				GCC_PREPROCESSOR_DEFINITIONS = (
					"DEBUG=1",
					"$(inherited)",
				);
				GCC_WARN_64_TO_32_BIT_CONVERSION = YES;
				GCC_WARN_UNINITIALIZED_AUTOS = YES;
				GCC_WARN_UNUSED_FUNCTION = NO;
				MTL_ENABLE_DEBUG_INFO = YES;
				PRODUCT_NAME = "$(TARGET_NAME)";
				SYMROOT = "$(PROJECT_DIR)/test";
			};
			name = Debug;
		};
		B6D4B4FD1A03B5BB00494A3A /* Release */ = {
			isa = XCBuildConfiguration;
			buildSettings = {
				ALWAYS_SEARCH_USER_PATHS = NO;
				CLANG_ENABLE_MODULES = YES;
				ENABLE_STRICT_OBJC_MSGSEND = YES;
				GCC_WARN_64_TO_32_BIT_CONVERSION = YES;
				GCC_WARN_UNINITIALIZED_AUTOS = YES;
				GCC_WARN_UNUSED_FUNCTION = NO;
				MTL_ENABLE_DEBUG_INFO = NO;
				PRODUCT_NAME = "$(TARGET_NAME)";
				SYMROOT = "$(PROJECT_DIR)/test";
			};
			name = Release;
		};
		B6D8360F1A069F3200C392B6 /* Debug */ = {
			isa = XCBuildConfiguration;
			buildSettings = {
				ALWAYS_SEARCH_USER_PATHS = NO;
				CLANG_ENABLE_MODULES = YES;
				ENABLE_STRICT_OBJC_MSGSEND = YES;
				GCC_PREPROCESSOR_DEFINITIONS = (
					"DEBUG=1",
					"$(inherited)",
				);
				GCC_WARN_64_TO_32_BIT_CONVERSION = NO;
				GCC_WARN_UNINITIALIZED_AUTOS = YES;
				GCC_WARN_UNUSED_FUNCTION = NO;
				LIBRARY_SEARCH_PATHS = (
					"$(inherited)",
					"$(PROJECT_DIR)/ext/osx/lib/boost",
				);
				MTL_ENABLE_DEBUG_INFO = YES;
				PRODUCT_NAME = "$(TARGET_NAME)";
				SYMROOT = "$(PROJECT_DIR)/tools";
			};
			name = Debug;
		};
		B6D836101A069F3200C392B6 /* Release */ = {
			isa = XCBuildConfiguration;
			buildSettings = {
				ALWAYS_SEARCH_USER_PATHS = NO;
				CLANG_ENABLE_MODULES = YES;
				ENABLE_STRICT_OBJC_MSGSEND = YES;
				GCC_WARN_64_TO_32_BIT_CONVERSION = NO;
				GCC_WARN_UNINITIALIZED_AUTOS = YES;
				GCC_WARN_UNUSED_FUNCTION = NO;
				LIBRARY_SEARCH_PATHS = (
					"$(inherited)",
					"$(PROJECT_DIR)/ext/osx/lib/boost",
				);
				MTL_ENABLE_DEBUG_INFO = NO;
				PRODUCT_NAME = "$(TARGET_NAME)";
				SYMROOT = "$(PROJECT_DIR)/tools";
			};
			name = Release;
		};
		B6FB18B61A09530B0053E69D /* Debug */ = {
			isa = XCBuildConfiguration;
			buildSettings = {
				ALWAYS_SEARCH_USER_PATHS = NO;
				CLANG_ENABLE_MODULES = YES;
				ENABLE_STRICT_OBJC_MSGSEND = YES;
				GCC_PREPROCESSOR_DEFINITIONS = (
					"DEBUG=1",
					"$(inherited)",
				);
				GCC_WARN_64_TO_32_BIT_CONVERSION = NO;
				GCC_WARN_UNINITIALIZED_AUTOS = YES;
				GCC_WARN_UNUSED_FUNCTION = NO;
				MTL_ENABLE_DEBUG_INFO = YES;
				PRODUCT_NAME = "$(TARGET_NAME)";
				SYMROOT = "$(PROJECT_DIR)/tools";
			};
			name = Debug;
		};
		B6FB18B71A09530B0053E69D /* Release */ = {
			isa = XCBuildConfiguration;
			buildSettings = {
				ALWAYS_SEARCH_USER_PATHS = NO;
				CLANG_ENABLE_MODULES = YES;
				ENABLE_STRICT_OBJC_MSGSEND = YES;
				GCC_WARN_64_TO_32_BIT_CONVERSION = NO;
				GCC_WARN_UNINITIALIZED_AUTOS = YES;
				GCC_WARN_UNUSED_FUNCTION = NO;
				MTL_ENABLE_DEBUG_INFO = NO;
				PRODUCT_NAME = "$(TARGET_NAME)";
				SYMROOT = "$(PROJECT_DIR)/tools";
			};
			name = Release;
		};
/* End XCBuildConfiguration section */

/* Begin XCConfigurationList section */
		B603F6191A02B892005D10BE /* Build configuration list for PBXNativeTarget "crop_mesh" */ = {
			isa = XCConfigurationList;
			buildConfigurations = (
				B603F61A1A02B892005D10BE /* Debug */,
				B603F61B1A02B892005D10BE /* Release */,
			);
			defaultConfigurationIsVisible = 0;
			defaultConfigurationName = Release;
		};
		B60CD6DF1A00EA8D009046F5 /* Build configuration list for PBXProject "dist_scene" */ = {
			isa = XCConfigurationList;
			buildConfigurations = (
				B60CD6E91A00EA8D009046F5 /* Debug */,
				B60CD6EA1A00EA8D009046F5 /* Release */,
			);
			defaultConfigurationIsVisible = 0;
			defaultConfigurationName = Release;
		};
		B60CD70E1A00F425009046F5 /* Build configuration list for PBXNativeTarget "server" */ = {
			isa = XCConfigurationList;
			buildConfigurations = (
				B60CD70F1A00F425009046F5 /* Debug */,
				B60CD7101A00F425009046F5 /* Release */,
			);
			defaultConfigurationIsVisible = 0;
			defaultConfigurationName = Release;
		};
		B60CD77F1A010BFA009046F5 /* Build configuration list for PBXNativeTarget "client" */ = {
			isa = XCConfigurationList;
			buildConfigurations = (
				B60CD7801A010BFA009046F5 /* Debug */,
				B60CD7811A010BFA009046F5 /* Release */,
			);
			defaultConfigurationIsVisible = 0;
			defaultConfigurationName = Release;
		};
		B68E7DA81A0BB4CF00BC6D32 /* Build configuration list for PBXNativeTarget "timing_log" */ = {
			isa = XCConfigurationList;
			buildConfigurations = (
				B68E7DA91A0BB4CF00BC6D32 /* Debug */,
				B68E7DAA1A0BB4CF00BC6D32 /* Release */,
			);
			defaultConfigurationIsVisible = 0;
		};
		B6D4B4FB1A03B5BB00494A3A /* Build configuration list for PBXNativeTarget "tester" */ = {
			isa = XCConfigurationList;
			buildConfigurations = (
				B6D4B4FC1A03B5BB00494A3A /* Debug */,
				B6D4B4FD1A03B5BB00494A3A /* Release */,
			);
			defaultConfigurationIsVisible = 0;
			defaultConfigurationName = Release;
		};
		B6D8360E1A069F3200C392B6 /* Build configuration list for PBXNativeTarget "mesh_diff" */ = {
			isa = XCConfigurationList;
			buildConfigurations = (
				B6D8360F1A069F3200C392B6 /* Debug */,
				B6D836101A069F3200C392B6 /* Release */,
			);
			defaultConfigurationIsVisible = 0;
			defaultConfigurationName = Release;
		};
		B6FB18B81A09530B0053E69D /* Build configuration list for PBXNativeTarget "mesh_parser" */ = {
			isa = XCConfigurationList;
			buildConfigurations = (
				B6FB18B61A09530B0053E69D /* Debug */,
				B6FB18B71A09530B0053E69D /* Release */,
			);
			defaultConfigurationIsVisible = 0;
			defaultConfigurationName = Release;
		};
/* End XCConfigurationList section */
	};
	rootObject = B60CD6DC1A00EA8D009046F5 /* Project object */;
}
